
Microsoft Visual Studio Solution File, Format Version 12.00
# Visual Studio Version 17
VisualStudioVersion = 17.7.34202.233
MinimumVisualStudioVersion = 10.0.40219.1
Project("{2150E333-8FDC-42A3-9474-1A3956D46DE8}") = "src", "src", "{827E0CD3-B72D-47B6-A68D-7590B98EB39B}"
EndProject
Project("{FAE04EC0-301F-11D3-BF4B-00C04F79EFBC}") = "Katas", "src\Katas\Katas.csproj", "{F906993E-EDF3-4E34-AA2D-3FFE41322302}"
EndProject
Project("{FAE04EC0-301F-11D3-BF4B-00C04F79EFBC}") = "Katas.UnitTest", "src\Katas.UnitTest\Katas.UnitTest.csproj", "{EDF86DBD-0F03-4241-8CF5-7FA3AB76C164}"
EndProject
Project("{FAE04EC0-301F-11D3-BF4B-00C04F79EFBC}") = "LeetCode", "src\LeetCode\LeetCode.csproj", "{B2BD97A5-E894-4907-AD02-3A999C8CDAB0}"
EndProject
Project("{FAE04EC0-301F-11D3-BF4B-00C04F79EFBC}") = "LeetCode.UnitTest", "src\LeetCode.UnitTest\LeetCode.UnitTest.csproj", "{6C439B3A-BF57-438E-BC04-2BB97AF5EFE4}"
EndProject
Global
	GlobalSection(SolutionConfigurationPlatforms) = preSolution
		Debug|Any CPU = Debug|Any CPU
		Debug|x64 = Debug|x64
		Debug|x86 = Debug|x86
		Release|Any CPU = Release|Any CPU
		Release|x64 = Release|x64
		Release|x86 = Release|x86
	EndGlobalSection
	GlobalSection(ProjectConfigurationPlatforms) = postSolution
		{F906993E-EDF3-4E34-AA2D-3FFE41322302}.Debug|Any CPU.ActiveCfg = Debug|Any CPU
		{F906993E-EDF3-4E34-AA2D-3FFE41322302}.Debug|Any CPU.Build.0 = Debug|Any CPU
		{F906993E-EDF3-4E34-AA2D-3FFE41322302}.Debug|x64.ActiveCfg = Debug|Any CPU
		{F906993E-EDF3-4E34-AA2D-3FFE41322302}.Debug|x64.Build.0 = Debug|Any CPU
		{F906993E-EDF3-4E34-AA2D-3FFE41322302}.Debug|x86.ActiveCfg = Debug|Any CPU
		{F906993E-EDF3-4E34-AA2D-3FFE41322302}.Debug|x86.Build.0 = Debug|Any CPU
		{F906993E-EDF3-4E34-AA2D-3FFE41322302}.Release|Any CPU.ActiveCfg = Release|Any CPU
		{F906993E-EDF3-4E34-AA2D-3FFE41322302}.Release|Any CPU.Build.0 = Release|Any CPU
		{F906993E-EDF3-4E34-AA2D-3FFE41322302}.Release|x64.ActiveCfg = Release|Any CPU
		{F906993E-EDF3-4E34-AA2D-3FFE41322302}.Release|x64.Build.0 = Release|Any CPU
		{F906993E-EDF3-4E34-AA2D-3FFE41322302}.Release|x86.ActiveCfg = Release|Any CPU
		{F906993E-EDF3-4E34-AA2D-3FFE41322302}.Release|x86.Build.0 = Release|Any CPU
		{EDF86DBD-0F03-4241-8CF5-7FA3AB76C164}.Debug|Any CPU.ActiveCfg = Debug|Any CPU
		{EDF86DBD-0F03-4241-8CF5-7FA3AB76C164}.Debug|Any CPU.Build.0 = Debug|Any CPU
		{EDF86DBD-0F03-4241-8CF5-7FA3AB76C164}.Debug|x64.ActiveCfg = Debug|Any CPU
		{EDF86DBD-0F03-4241-8CF5-7FA3AB76C164}.Debug|x64.Build.0 = Debug|Any CPU
		{EDF86DBD-0F03-4241-8CF5-7FA3AB76C164}.Debug|x86.ActiveCfg = Debug|Any CPU
		{EDF86DBD-0F03-4241-8CF5-7FA3AB76C164}.Debug|x86.Build.0 = Debug|Any CPU
		{EDF86DBD-0F03-4241-8CF5-7FA3AB76C164}.Release|Any CPU.ActiveCfg = Release|Any CPU
		{EDF86DBD-0F03-4241-8CF5-7FA3AB76C164}.Release|Any CPU.Build.0 = Release|Any CPU
		{EDF86DBD-0F03-4241-8CF5-7FA3AB76C164}.Release|x64.ActiveCfg = Release|Any CPU
		{EDF86DBD-0F03-4241-8CF5-7FA3AB76C164}.Release|x64.Build.0 = Release|Any CPU
		{EDF86DBD-0F03-4241-8CF5-7FA3AB76C164}.Release|x86.ActiveCfg = Release|Any CPU
		{EDF86DBD-0F03-4241-8CF5-7FA3AB76C164}.Release|x86.Build.0 = Release|Any CPU
		{B2BD97A5-E894-4907-AD02-3A999C8CDAB0}.Debug|Any CPU.ActiveCfg = Debug|Any CPU
		{B2BD97A5-E894-4907-AD02-3A999C8CDAB0}.Debug|Any CPU.Build.0 = Debug|Any CPU
		{B2BD97A5-E894-4907-AD02-3A999C8CDAB0}.Debug|x64.ActiveCfg = Debug|Any CPU
		{B2BD97A5-E894-4907-AD02-3A999C8CDAB0}.Debug|x64.Build.0 = Debug|Any CPU
		{B2BD97A5-E894-4907-AD02-3A999C8CDAB0}.Debug|x86.ActiveCfg = Debug|Any CPU
		{B2BD97A5-E894-4907-AD02-3A999C8CDAB0}.Debug|x86.Build.0 = Debug|Any CPU
		{B2BD97A5-E894-4907-AD02-3A999C8CDAB0}.Release|Any CPU.ActiveCfg = Release|Any CPU
		{B2BD97A5-E894-4907-AD02-3A999C8CDAB0}.Release|Any CPU.Build.0 = Release|Any CPU
		{B2BD97A5-E894-4907-AD02-3A999C8CDAB0}.Release|x64.ActiveCfg = Release|Any CPU
		{B2BD97A5-E894-4907-AD02-3A999C8CDAB0}.Release|x64.Build.0 = Release|Any CPU
		{B2BD97A5-E894-4907-AD02-3A999C8CDAB0}.Release|x86.ActiveCfg = Release|Any CPU
		{B2BD97A5-E894-4907-AD02-3A999C8CDAB0}.Release|x86.Build.0 = Release|Any CPU
		{6C439B3A-BF57-438E-BC04-2BB97AF5EFE4}.Debug|Any CPU.ActiveCfg = Debug|Any CPU
		{6C439B3A-BF57-438E-BC04-2BB97AF5EFE4}.Debug|Any CPU.Build.0 = Debug|Any CPU
		{6C439B3A-BF57-438E-BC04-2BB97AF5EFE4}.Debug|x64.ActiveCfg = Debug|Any CPU
		{6C439B3A-BF57-438E-BC04-2BB97AF5EFE4}.Debug|x64.Build.0 = Debug|Any CPU
		{6C439B3A-BF57-438E-BC04-2BB97AF5EFE4}.Debug|x86.ActiveCfg = Debug|Any CPU
		{6C439B3A-BF57-438E-BC04-2BB97AF5EFE4}.Debug|x86.Build.0 = Debug|Any CPU
		{6C439B3A-BF57-438E-BC04-2BB97AF5EFE4}.Release|Any CPU.ActiveCfg = Release|Any CPU
		{6C439B3A-BF57-438E-BC04-2BB97AF5EFE4}.Release|Any CPU.Build.0 = Release|Any CPU
		{6C439B3A-BF57-438E-BC04-2BB97AF5EFE4}.Release|x64.ActiveCfg = Release|Any CPU
		{6C439B3A-BF57-438E-BC04-2BB97AF5EFE4}.Release|x64.Build.0 = Release|Any CPU
		{6C439B3A-BF57-438E-BC04-2BB97AF5EFE4}.Release|x86.ActiveCfg = Release|Any CPU
		{6C439B3A-BF57-438E-BC04-2BB97AF5EFE4}.Release|x86.Build.0 = Release|Any CPU
	EndGlobalSection
	GlobalSection(SolutionProperties) = preSolution
		HideSolutionNode = FALSE
	EndGlobalSection
	GlobalSection(NestedProjects) = preSolution
		{F906993E-EDF3-4E34-AA2D-3FFE41322302} = {827E0CD3-B72D-47B6-A68D-7590B98EB39B}
		{EDF86DBD-0F03-4241-8CF5-7FA3AB76C164} = {827E0CD3-B72D-47B6-A68D-7590B98EB39B}
		{B2BD97A5-E894-4907-AD02-3A999C8CDAB0} = {827E0CD3-B72D-47B6-A68D-7590B98EB39B}
		{6C439B3A-BF57-438E-BC04-2BB97AF5EFE4} = {827E0CD3-B72D-47B6-A68D-7590B98EB39B}
	EndGlobalSection
	GlobalSection(ExtensibilityGlobals) = postSolution
		SolutionGuid = {40C992A8-FB75-4151-ADBF-E18E7F47555E}
	EndGlobalSection
EndGlobal
