
Microsoft Visual Studio Solution File, Format Version 12.00
# Visual Studio Version 17
VisualStudioVersion = 17.7.34202.233
MinimumVisualStudioVersion = 10.0.40219.1
Project("{9A19103F-16F7-4668-BE54-9A1E7A4F7556}") = "Katas", "Katas\Katas.csproj", "{C0AD74AA-8675-47D4-9693-7FA5BF1A6DFC}"
EndProject
Project("{9A19103F-16F7-4668-BE54-9A1E7A4F7556}") = "Katas.UnitTest", "Katas.UnitTest\Katas.UnitTest.csproj", "{A1A22185-A4D3-4628-A529-165F89DEBA7C}"
	ProjectSection(ProjectDependencies) = postProject
		{C0AD74AA-8675-47D4-9693-7FA5BF1A6DFC} = {C0AD74AA-8675-47D4-9693-7FA5BF1A6DFC}
	EndProjectSection
EndProject
Global
	GlobalSection(SolutionConfigurationPlatforms) = preSolution
		Debug|Any CPU = Debug|Any CPU
		Release|Any CPU = Release|Any CPU
	EndGlobalSection
	GlobalSection(ProjectConfigurationPlatforms) = postSolution
		{C0AD74AA-8675-47D4-9693-7FA5BF1A6DFC}.Debug|Any CPU.ActiveCfg = Debug|Any CPU
		{C0AD74AA-8675-47D4-9693-7FA5BF1A6DFC}.Debug|Any CPU.Build.0 = Debug|Any CPU
		{C0AD74AA-8675-47D4-9693-7FA5BF1A6DFC}.Release|Any CPU.ActiveCfg = Release|Any CPU
		{C0AD74AA-8675-47D4-9693-7FA5BF1A6DFC}.Release|Any CPU.Build.0 = Release|Any CPU
		{A1A22185-A4D3-4628-A529-165F89DEBA7C}.Debug|Any CPU.ActiveCfg = Debug|Any CPU
		{A1A22185-A4D3-4628-A529-165F89DEBA7C}.Debug|Any CPU.Build.0 = Debug|Any CPU
		{A1A22185-A4D3-4628-A529-165F89DEBA7C}.Release|Any CPU.ActiveCfg = Release|Any CPU
		{A1A22185-A4D3-4628-A529-165F89DEBA7C}.Release|Any CPU.Build.0 = Release|Any CPU
	EndGlobalSection
	GlobalSection(SolutionProperties) = preSolution
		HideSolutionNode = FALSE
	EndGlobalSection
	GlobalSection(ExtensibilityGlobals) = postSolution
		SolutionGuid = {40C992A8-FB75-4151-ADBF-E18E7F47555E}
	EndGlobalSection
EndGlobal
